
Microsoft Visual Studio Solution File, Format Version 12.00
# Visual Studio 15
VisualStudioVersion = 15.0.28307.168
MinimumVisualStudioVersion = 10.0.40219.1
Project("{9A19103F-16F7-4668-BE54-9A1E7A4F7556}") = "Integration.Tests", "Integration.Tests\Integration.Tests.csproj", "{D2373A74-2213-48F7-8EE1-7A4610999909}"
EndProject
Project("{9A19103F-16F7-4668-BE54-9A1E7A4F7556}") = "ExternalDependency", "ExternalDependency\ExternalDependency.csproj", "{8F544D8F-442B-4D1F-AC9D-9136F8E85F5B}"
EndProject
Project("{2150E333-8FDC-42A3-9474-1A3956D46DE8}") = "Solution Items", "Solution Items", "{3E7FF1A8-32A9-4F16-A4A3-1088CE1B1052}"
	ProjectSection(SolutionItems) = preProject
		README.md = README.md
	EndProjectSection
EndProject
Project("{2150E333-8FDC-42A3-9474-1A3956D46DE8}") = "Examples", "Examples", "{D5F707DD-F447-4E35-9D42-EE46DDE7F43E}"
EndProject
Project("{2150E333-8FDC-42A3-9474-1A3956D46DE8}") = "Libraries", "Libraries", "{5DCB6D2B-794E-4B55-BBB2-0C93C77AF8DC}"
EndProject
Project("{00D1A9C2-B5F0-4AF3-8072-F6C62B433612}") = "MockStrategiesSqlServer", "MockStrategiesSqlServer\MockStrategiesSqlServer.sqlproj", "{56BEA360-8C87-4740-B8BF-E707AF7F5289}"
EndProject
Project("{9A19103F-16F7-4668-BE54-9A1E7A4F7556}") = "Define.Strategy", "Define.Strategy\Define.Strategy.csproj", "{E6DE334D-D983-41CC-995B-B627FAE6414E}"
EndProject
Project("{9A19103F-16F7-4668-BE54-9A1E7A4F7556}") = "Apply.Strategy", "Apply.Strategy\Apply.Strategy.csproj", "{27BB28CF-9905-4C0F-AF56-D15600E4AB15}"
EndProject
Project("{9A19103F-16F7-4668-BE54-9A1E7A4F7556}") = "Define.Strategy.Tests", "Define.Strategy.Tests\Define.Strategy.Tests.csproj", "{A600CEA3-957F-423B-BF32-4418B4B3CAE1}"
EndProject
Project("{9A19103F-16F7-4668-BE54-9A1E7A4F7556}") = "YourApplication", "YourApplication\YourApplication.csproj", "{8850629B-5FB3-485C-B3BB-7FDF7B344E6A}"
EndProject
Project("{2150E333-8FDC-42A3-9474-1A3956D46DE8}") = "Centralized", "Centralized", "{2C374AA8-83A6-4BA6-ABD4-3C1C96CEE65E}"
EndProject
Project("{9A19103F-16F7-4668-BE54-9A1E7A4F7556}") = "Data.Transfer.Objects", "Data.Transfer.Objects\Data.Transfer.Objects.csproj", "{B5B565CC-8363-4932-AC0B-9E426174700F}"
EndProject
Project("{2150E333-8FDC-42A3-9474-1A3956D46DE8}") = "Tests", "Tests", "{2487A851-0134-4D08-8533-6EBEF20B73CC}"
EndProject
Project("{2150E333-8FDC-42A3-9474-1A3956D46DE8}") = "Sources", "Sources", "{EE7400E8-05D7-4A20-BE40-9CCAEC60088F}"
EndProject
Project("{FAE04EC0-301F-11D3-BF4B-00C04F79EFBC}") = "ProjectWhichDefineStrategies", "ProjectWhichDefineStrategies\ProjectWhichDefineStrategies.csproj", "{DBF7E59C-9F3A-432F-B00B-A83AB8261C27}"
EndProject
Project("{2150E333-8FDC-42A3-9474-1A3956D46DE8}") = "NotInYourPerimeter", "NotInYourPerimeter", "{39168B07-6F59-4824-9184-24BA6E411C21}"
EndProject
Project("{2150E333-8FDC-42A3-9474-1A3956D46DE8}") = "InYourPerimeter", "InYourPerimeter", "{8DC0C5DF-1073-4CB5-9245-16EA1E93C0F1}"
EndProject
Project("{2150E333-8FDC-42A3-9474-1A3956D46DE8}") = "EndToEndTests", "EndToEndTests", "{0C973DBE-8B49-4001-AF81-15A5D5AF83C5}"
EndProject
Project("{2150E333-8FDC-42A3-9474-1A3956D46DE8}") = "BrokenService", "BrokenService", "{99ACC573-C3B7-46DF-B2F0-06C8CF412AF1}"
EndProject
Project("{FAE04EC0-301F-11D3-BF4B-00C04F79EFBC}") = "CentralizedInformations", "CentralizedInformations\CentralizedInformations.csproj", "{A22639C1-05E3-41BD-97F9-CD1CD4997A6B}"
EndProject
Project("{FAE04EC0-301F-11D3-BF4B-00C04F79EFBC}") = "ExternalDependencyForIntegrationTests", "ExternalDependencyForIntegrationTests\ExternalDependencyForIntegrationTests.csproj", "{E7F4ED45-2BE2-4A2C-85B9-B6EF51E20073}"
EndProject
Global
	GlobalSection(SolutionConfigurationPlatforms) = preSolution
		Debug|Any CPU = Debug|Any CPU
		Release|Any CPU = Release|Any CPU
	EndGlobalSection
	GlobalSection(ProjectConfigurationPlatforms) = postSolution
		{D2373A74-2213-48F7-8EE1-7A4610999909}.Debug|Any CPU.ActiveCfg = Debug|Any CPU
		{D2373A74-2213-48F7-8EE1-7A4610999909}.Debug|Any CPU.Build.0 = Debug|Any CPU
		{D2373A74-2213-48F7-8EE1-7A4610999909}.Release|Any CPU.ActiveCfg = Release|Any CPU
		{D2373A74-2213-48F7-8EE1-7A4610999909}.Release|Any CPU.Build.0 = Release|Any CPU
		{8F544D8F-442B-4D1F-AC9D-9136F8E85F5B}.Debug|Any CPU.ActiveCfg = Debug|Any CPU
		{8F544D8F-442B-4D1F-AC9D-9136F8E85F5B}.Debug|Any CPU.Build.0 = Debug|Any CPU
		{8F544D8F-442B-4D1F-AC9D-9136F8E85F5B}.Release|Any CPU.ActiveCfg = Release|Any CPU
		{8F544D8F-442B-4D1F-AC9D-9136F8E85F5B}.Release|Any CPU.Build.0 = Release|Any CPU
		{56BEA360-8C87-4740-B8BF-E707AF7F5289}.Debug|Any CPU.ActiveCfg = Debug|Any CPU
		{56BEA360-8C87-4740-B8BF-E707AF7F5289}.Debug|Any CPU.Build.0 = Debug|Any CPU
		{56BEA360-8C87-4740-B8BF-E707AF7F5289}.Debug|Any CPU.Deploy.0 = Debug|Any CPU
		{56BEA360-8C87-4740-B8BF-E707AF7F5289}.Release|Any CPU.ActiveCfg = Release|Any CPU
		{56BEA360-8C87-4740-B8BF-E707AF7F5289}.Release|Any CPU.Build.0 = Release|Any CPU
		{56BEA360-8C87-4740-B8BF-E707AF7F5289}.Release|Any CPU.Deploy.0 = Release|Any CPU
		{E6DE334D-D983-41CC-995B-B627FAE6414E}.Debug|Any CPU.ActiveCfg = Debug|Any CPU
		{E6DE334D-D983-41CC-995B-B627FAE6414E}.Debug|Any CPU.Build.0 = Debug|Any CPU
		{E6DE334D-D983-41CC-995B-B627FAE6414E}.Release|Any CPU.ActiveCfg = Release|Any CPU
		{E6DE334D-D983-41CC-995B-B627FAE6414E}.Release|Any CPU.Build.0 = Release|Any CPU
		{27BB28CF-9905-4C0F-AF56-D15600E4AB15}.Debug|Any CPU.ActiveCfg = Debug|Any CPU
		{27BB28CF-9905-4C0F-AF56-D15600E4AB15}.Debug|Any CPU.Build.0 = Debug|Any CPU
		{27BB28CF-9905-4C0F-AF56-D15600E4AB15}.Release|Any CPU.ActiveCfg = Release|Any CPU
		{27BB28CF-9905-4C0F-AF56-D15600E4AB15}.Release|Any CPU.Build.0 = Release|Any CPU
		{A600CEA3-957F-423B-BF32-4418B4B3CAE1}.Debug|Any CPU.ActiveCfg = Debug|Any CPU
		{A600CEA3-957F-423B-BF32-4418B4B3CAE1}.Debug|Any CPU.Build.0 = Debug|Any CPU
		{A600CEA3-957F-423B-BF32-4418B4B3CAE1}.Release|Any CPU.ActiveCfg = Release|Any CPU
		{A600CEA3-957F-423B-BF32-4418B4B3CAE1}.Release|Any CPU.Build.0 = Release|Any CPU
		{8850629B-5FB3-485C-B3BB-7FDF7B344E6A}.Debug|Any CPU.ActiveCfg = Debug|Any CPU
		{8850629B-5FB3-485C-B3BB-7FDF7B344E6A}.Debug|Any CPU.Build.0 = Debug|Any CPU
		{8850629B-5FB3-485C-B3BB-7FDF7B344E6A}.Release|Any CPU.ActiveCfg = Release|Any CPU
		{8850629B-5FB3-485C-B3BB-7FDF7B344E6A}.Release|Any CPU.Build.0 = Release|Any CPU
		{B5B565CC-8363-4932-AC0B-9E426174700F}.Debug|Any CPU.ActiveCfg = Debug|Any CPU
		{B5B565CC-8363-4932-AC0B-9E426174700F}.Debug|Any CPU.Build.0 = Debug|Any CPU
		{B5B565CC-8363-4932-AC0B-9E426174700F}.Release|Any CPU.ActiveCfg = Release|Any CPU
		{B5B565CC-8363-4932-AC0B-9E426174700F}.Release|Any CPU.Build.0 = Release|Any CPU
		{DBF7E59C-9F3A-432F-B00B-A83AB8261C27}.Debug|Any CPU.ActiveCfg = Debug|Any CPU
		{DBF7E59C-9F3A-432F-B00B-A83AB8261C27}.Debug|Any CPU.Build.0 = Debug|Any CPU
		{DBF7E59C-9F3A-432F-B00B-A83AB8261C27}.Release|Any CPU.ActiveCfg = Release|Any CPU
		{DBF7E59C-9F3A-432F-B00B-A83AB8261C27}.Release|Any CPU.Build.0 = Release|Any CPU
		{A22639C1-05E3-41BD-97F9-CD1CD4997A6B}.Debug|Any CPU.ActiveCfg = Debug|Any CPU
		{A22639C1-05E3-41BD-97F9-CD1CD4997A6B}.Debug|Any CPU.Build.0 = Debug|Any CPU
		{A22639C1-05E3-41BD-97F9-CD1CD4997A6B}.Release|Any CPU.ActiveCfg = Release|Any CPU
		{A22639C1-05E3-41BD-97F9-CD1CD4997A6B}.Release|Any CPU.Build.0 = Release|Any CPU
		{E7F4ED45-2BE2-4A2C-85B9-B6EF51E20073}.Debug|Any CPU.ActiveCfg = Debug|Any CPU
		{E7F4ED45-2BE2-4A2C-85B9-B6EF51E20073}.Debug|Any CPU.Build.0 = Debug|Any CPU
		{E7F4ED45-2BE2-4A2C-85B9-B6EF51E20073}.Release|Any CPU.ActiveCfg = Release|Any CPU
		{E7F4ED45-2BE2-4A2C-85B9-B6EF51E20073}.Release|Any CPU.Build.0 = Release|Any CPU
	EndGlobalSection
	GlobalSection(SolutionProperties) = preSolution
		HideSolutionNode = FALSE
	EndGlobalSection
	GlobalSection(NestedProjects) = preSolution
		{D2373A74-2213-48F7-8EE1-7A4610999909} = {2487A851-0134-4D08-8533-6EBEF20B73CC}
		{8F544D8F-442B-4D1F-AC9D-9136F8E85F5B} = {39168B07-6F59-4824-9184-24BA6E411C21}
		{56BEA360-8C87-4740-B8BF-E707AF7F5289} = {2C374AA8-83A6-4BA6-ABD4-3C1C96CEE65E}
		{E6DE334D-D983-41CC-995B-B627FAE6414E} = {EE7400E8-05D7-4A20-BE40-9CCAEC60088F}
		{27BB28CF-9905-4C0F-AF56-D15600E4AB15} = {EE7400E8-05D7-4A20-BE40-9CCAEC60088F}
		{A600CEA3-957F-423B-BF32-4418B4B3CAE1} = {2487A851-0134-4D08-8533-6EBEF20B73CC}
		{8850629B-5FB3-485C-B3BB-7FDF7B344E6A} = {8DC0C5DF-1073-4CB5-9245-16EA1E93C0F1}
		{2C374AA8-83A6-4BA6-ABD4-3C1C96CEE65E} = {EE7400E8-05D7-4A20-BE40-9CCAEC60088F}
		{B5B565CC-8363-4932-AC0B-9E426174700F} = {2C374AA8-83A6-4BA6-ABD4-3C1C96CEE65E}
		{2487A851-0134-4D08-8533-6EBEF20B73CC} = {5DCB6D2B-794E-4B55-BBB2-0C93C77AF8DC}
		{EE7400E8-05D7-4A20-BE40-9CCAEC60088F} = {5DCB6D2B-794E-4B55-BBB2-0C93C77AF8DC}
		{DBF7E59C-9F3A-432F-B00B-A83AB8261C27} = {8DC0C5DF-1073-4CB5-9245-16EA1E93C0F1}
		{39168B07-6F59-4824-9184-24BA6E411C21} = {99ACC573-C3B7-46DF-B2F0-06C8CF412AF1}
		{8DC0C5DF-1073-4CB5-9245-16EA1E93C0F1} = {99ACC573-C3B7-46DF-B2F0-06C8CF412AF1}
		{0C973DBE-8B49-4001-AF81-15A5D5AF83C5} = {D5F707DD-F447-4E35-9D42-EE46DDE7F43E}
		{99ACC573-C3B7-46DF-B2F0-06C8CF412AF1} = {D5F707DD-F447-4E35-9D42-EE46DDE7F43E}
		{A22639C1-05E3-41BD-97F9-CD1CD4997A6B} = {8DC0C5DF-1073-4CB5-9245-16EA1E93C0F1}
		{E7F4ED45-2BE2-4A2C-85B9-B6EF51E20073} = {2487A851-0134-4D08-8533-6EBEF20B73CC}
	EndGlobalSection
	GlobalSection(ExtensibilityGlobals) = postSolution
		SolutionGuid = {20D34B3C-94E5-4CDE-8E7E-D91A57B98E66}
	EndGlobalSection
EndGlobal
