
Microsoft Visual Studio Solution File, Format Version 12.00
# Visual Studio 15
VisualStudioVersion = 15.0.28307.168
MinimumVisualStudioVersion = 10.0.40219.1
Project("{9A19103F-16F7-4668-BE54-9A1E7A4F7556}") = "Examples", "Examples\Examples.csproj", "{D2373A74-2213-48F7-8EE1-7A4610999909}"
EndProject
Project("{9A19103F-16F7-4668-BE54-9A1E7A4F7556}") = "ExternalDependency", "ExternalDependency\ExternalDependency.csproj", "{8F544D8F-442B-4D1F-AC9D-9136F8E85F5B}"
EndProject
Project("{2150E333-8FDC-42A3-9474-1A3956D46DE8}") = "Solution Items", "Solution Items", "{3E7FF1A8-32A9-4F16-A4A3-1088CE1B1052}"
	ProjectSection(SolutionItems) = preProject
		README.md = README.md
	EndProjectSection
EndProject
Project("{9A19103F-16F7-4668-BE54-9A1E7A4F7556}") = "MockStrategiesCSharp", "MockStrategiesCSharp\MockStrategiesCSharp.csproj", "{C564B177-8B8F-4490-82DB-0EABDCCC17D3}"
EndProject
Project("{2150E333-8FDC-42A3-9474-1A3956D46DE8}") = "Examples", "Examples", "{D5F707DD-F447-4E35-9D42-EE46DDE7F43E}"
EndProject
Project("{2150E333-8FDC-42A3-9474-1A3956D46DE8}") = "MockDependenciesLibrary", "MockDependenciesLibrary", "{5DCB6D2B-794E-4B55-BBB2-0C93C77AF8DC}"
EndProject
Project("{00D1A9C2-B5F0-4AF3-8072-F6C62B433612}") = "MockStrategiesSqlServer", "MockStrategiesSqlServer\MockStrategiesSqlServer.sqlproj", "{56BEA360-8C87-4740-B8BF-E707AF7F5289}"
EndProject
Project("{2150E333-8FDC-42A3-9474-1A3956D46DE8}") = "Databases", "Databases", "{50B063E4-49E1-4FCA-A833-E4A7E4D37536}"
EndProject
Project("{9A19103F-16F7-4668-BE54-9A1E7A4F7556}") = "Mock.Define.Strategy", "Mock.Define.Strategy\Mock.Define.Strategy.csproj", "{E6DE334D-D983-41CC-995B-B627FAE6414E}"
EndProject
Project("{9A19103F-16F7-4668-BE54-9A1E7A4F7556}") = "Mock.Strategies", "Mock.Strategies\Mock.Strategies.csproj", "{38883559-6184-4A8C-AD2F-716800A15A13}"
EndProject
Project("{9A19103F-16F7-4668-BE54-9A1E7A4F7556}") = "Mock.Apply.Strategy", "Mock.Apply.Strategy\Mock.Apply.Strategy.csproj", "{27BB28CF-9905-4C0F-AF56-D15600E4AB15}"
EndProject
Project("{9A19103F-16F7-4668-BE54-9A1E7A4F7556}") = "Mock.Define.Strategy.Tests", "Mock.Define.Strategy.Tests\Mock.Define.Strategy.Tests.csproj", "{A600CEA3-957F-423B-BF32-4418B4B3CAE1}"
EndProject
Project("{9A19103F-16F7-4668-BE54-9A1E7A4F7556}") = "YourApplication", "YourApplication\YourApplication.csproj", "{8850629B-5FB3-485C-B3BB-7FDF7B344E6A}"
EndProject
Project("{9A19103F-16F7-4668-BE54-9A1E7A4F7556}") = "DatabasesObjects", "DatabasesObjects\DatabasesObjects.csproj", "{23F5E167-AA16-4C8D-9C83-C4D3F68BB8F4}"
EndProject
Global
	GlobalSection(SolutionConfigurationPlatforms) = preSolution
		Debug|Any CPU = Debug|Any CPU
		Release|Any CPU = Release|Any CPU
	EndGlobalSection
	GlobalSection(ProjectConfigurationPlatforms) = postSolution
		{D2373A74-2213-48F7-8EE1-7A4610999909}.Debug|Any CPU.ActiveCfg = Debug|Any CPU
		{D2373A74-2213-48F7-8EE1-7A4610999909}.Debug|Any CPU.Build.0 = Debug|Any CPU
		{D2373A74-2213-48F7-8EE1-7A4610999909}.Release|Any CPU.ActiveCfg = Release|Any CPU
		{D2373A74-2213-48F7-8EE1-7A4610999909}.Release|Any CPU.Build.0 = Release|Any CPU
		{8F544D8F-442B-4D1F-AC9D-9136F8E85F5B}.Debug|Any CPU.ActiveCfg = Debug|Any CPU
		{8F544D8F-442B-4D1F-AC9D-9136F8E85F5B}.Debug|Any CPU.Build.0 = Debug|Any CPU
		{8F544D8F-442B-4D1F-AC9D-9136F8E85F5B}.Release|Any CPU.ActiveCfg = Release|Any CPU
		{8F544D8F-442B-4D1F-AC9D-9136F8E85F5B}.Release|Any CPU.Build.0 = Release|Any CPU
		{C564B177-8B8F-4490-82DB-0EABDCCC17D3}.Debug|Any CPU.ActiveCfg = Debug|Any CPU
		{C564B177-8B8F-4490-82DB-0EABDCCC17D3}.Debug|Any CPU.Build.0 = Debug|Any CPU
		{C564B177-8B8F-4490-82DB-0EABDCCC17D3}.Release|Any CPU.ActiveCfg = Release|Any CPU
		{C564B177-8B8F-4490-82DB-0EABDCCC17D3}.Release|Any CPU.Build.0 = Release|Any CPU
		{56BEA360-8C87-4740-B8BF-E707AF7F5289}.Debug|Any CPU.ActiveCfg = Debug|Any CPU
		{56BEA360-8C87-4740-B8BF-E707AF7F5289}.Debug|Any CPU.Build.0 = Debug|Any CPU
		{56BEA360-8C87-4740-B8BF-E707AF7F5289}.Debug|Any CPU.Deploy.0 = Debug|Any CPU
		{56BEA360-8C87-4740-B8BF-E707AF7F5289}.Release|Any CPU.ActiveCfg = Release|Any CPU
		{56BEA360-8C87-4740-B8BF-E707AF7F5289}.Release|Any CPU.Build.0 = Release|Any CPU
		{56BEA360-8C87-4740-B8BF-E707AF7F5289}.Release|Any CPU.Deploy.0 = Release|Any CPU
		{E6DE334D-D983-41CC-995B-B627FAE6414E}.Debug|Any CPU.ActiveCfg = Debug|Any CPU
		{E6DE334D-D983-41CC-995B-B627FAE6414E}.Debug|Any CPU.Build.0 = Debug|Any CPU
		{E6DE334D-D983-41CC-995B-B627FAE6414E}.Release|Any CPU.ActiveCfg = Release|Any CPU
		{E6DE334D-D983-41CC-995B-B627FAE6414E}.Release|Any CPU.Build.0 = Release|Any CPU
		{38883559-6184-4A8C-AD2F-716800A15A13}.Debug|Any CPU.ActiveCfg = Debug|Any CPU
		{38883559-6184-4A8C-AD2F-716800A15A13}.Debug|Any CPU.Build.0 = Debug|Any CPU
		{38883559-6184-4A8C-AD2F-716800A15A13}.Release|Any CPU.ActiveCfg = Release|Any CPU
		{38883559-6184-4A8C-AD2F-716800A15A13}.Release|Any CPU.Build.0 = Release|Any CPU
		{27BB28CF-9905-4C0F-AF56-D15600E4AB15}.Debug|Any CPU.ActiveCfg = Debug|Any CPU
		{27BB28CF-9905-4C0F-AF56-D15600E4AB15}.Debug|Any CPU.Build.0 = Debug|Any CPU
		{27BB28CF-9905-4C0F-AF56-D15600E4AB15}.Release|Any CPU.ActiveCfg = Release|Any CPU
		{27BB28CF-9905-4C0F-AF56-D15600E4AB15}.Release|Any CPU.Build.0 = Release|Any CPU
		{A600CEA3-957F-423B-BF32-4418B4B3CAE1}.Debug|Any CPU.ActiveCfg = Debug|Any CPU
		{A600CEA3-957F-423B-BF32-4418B4B3CAE1}.Debug|Any CPU.Build.0 = Debug|Any CPU
		{A600CEA3-957F-423B-BF32-4418B4B3CAE1}.Release|Any CPU.ActiveCfg = Release|Any CPU
		{A600CEA3-957F-423B-BF32-4418B4B3CAE1}.Release|Any CPU.Build.0 = Release|Any CPU
		{8850629B-5FB3-485C-B3BB-7FDF7B344E6A}.Debug|Any CPU.ActiveCfg = Debug|Any CPU
		{8850629B-5FB3-485C-B3BB-7FDF7B344E6A}.Debug|Any CPU.Build.0 = Debug|Any CPU
		{8850629B-5FB3-485C-B3BB-7FDF7B344E6A}.Release|Any CPU.ActiveCfg = Release|Any CPU
		{8850629B-5FB3-485C-B3BB-7FDF7B344E6A}.Release|Any CPU.Build.0 = Release|Any CPU
		{23F5E167-AA16-4C8D-9C83-C4D3F68BB8F4}.Debug|Any CPU.ActiveCfg = Debug|Any CPU
		{23F5E167-AA16-4C8D-9C83-C4D3F68BB8F4}.Debug|Any CPU.Build.0 = Debug|Any CPU
		{23F5E167-AA16-4C8D-9C83-C4D3F68BB8F4}.Release|Any CPU.ActiveCfg = Release|Any CPU
		{23F5E167-AA16-4C8D-9C83-C4D3F68BB8F4}.Release|Any CPU.Build.0 = Release|Any CPU
	EndGlobalSection
	GlobalSection(SolutionProperties) = preSolution
		HideSolutionNode = FALSE
	EndGlobalSection
	GlobalSection(NestedProjects) = preSolution
		{D2373A74-2213-48F7-8EE1-7A4610999909} = {D5F707DD-F447-4E35-9D42-EE46DDE7F43E}
		{8F544D8F-442B-4D1F-AC9D-9136F8E85F5B} = {D5F707DD-F447-4E35-9D42-EE46DDE7F43E}
		{C564B177-8B8F-4490-82DB-0EABDCCC17D3} = {50B063E4-49E1-4FCA-A833-E4A7E4D37536}
		{56BEA360-8C87-4740-B8BF-E707AF7F5289} = {50B063E4-49E1-4FCA-A833-E4A7E4D37536}
		{50B063E4-49E1-4FCA-A833-E4A7E4D37536} = {5DCB6D2B-794E-4B55-BBB2-0C93C77AF8DC}
		{E6DE334D-D983-41CC-995B-B627FAE6414E} = {5DCB6D2B-794E-4B55-BBB2-0C93C77AF8DC}
		{38883559-6184-4A8C-AD2F-716800A15A13} = {5DCB6D2B-794E-4B55-BBB2-0C93C77AF8DC}
		{27BB28CF-9905-4C0F-AF56-D15600E4AB15} = {5DCB6D2B-794E-4B55-BBB2-0C93C77AF8DC}
		{A600CEA3-957F-423B-BF32-4418B4B3CAE1} = {5DCB6D2B-794E-4B55-BBB2-0C93C77AF8DC}
		{8850629B-5FB3-485C-B3BB-7FDF7B344E6A} = {D5F707DD-F447-4E35-9D42-EE46DDE7F43E}
		{23F5E167-AA16-4C8D-9C83-C4D3F68BB8F4} = {50B063E4-49E1-4FCA-A833-E4A7E4D37536}
	EndGlobalSection
	GlobalSection(ExtensibilityGlobals) = postSolution
		SolutionGuid = {20D34B3C-94E5-4CDE-8E7E-D91A57B98E66}
	EndGlobalSection
EndGlobal
